
Microsoft Visual Studio Solution File, Format Version 12.00
# Visual Studio Version 17
VisualStudioVersion = 17.4.33213.308
MinimumVisualStudioVersion = 10.0.40219.1
Project("{FAE04EC0-301F-11D3-BF4B-00C04F79EFBC}") = "calculadora2", "calculadora2\calculadora2.csproj", "{6F73F540-3EAB-4EC4-868D-C5B47A9087C2}"
EndProject
Global
	GlobalSection(SolutionConfigurationPlatforms) = preSolution
		Debug|Any CPU = Debug|Any CPU
		Release|Any CPU = Release|Any CPU
	EndGlobalSection
	GlobalSection(ProjectConfigurationPlatforms) = postSolution
		{6F73F540-3EAB-4EC4-868D-C5B47A9087C2}.Debug|Any CPU.ActiveCfg = Debug|Any CPU
		{6F73F540-3EAB-4EC4-868D-C5B47A9087C2}.Debug|Any CPU.Build.0 = Debug|Any CPU
		{6F73F540-3EAB-4EC4-868D-C5B47A9087C2}.Release|Any CPU.ActiveCfg = Release|Any CPU
		{6F73F540-3EAB-4EC4-868D-C5B47A9087C2}.Release|Any CPU.Build.0 = Release|Any CPU
	EndGlobalSection
	GlobalSection(SolutionProperties) = preSolution
		HideSolutionNode = FALSE
	EndGlobalSection
	GlobalSection(ExtensibilityGlobals) = postSolution
		SolutionGuid = {16A80B38-0462-4885-8CE9-6D92E151B736}
	EndGlobalSection
EndGlobal
